
Microsoft Visual Studio Solution File, Format Version 12.00
# Visual Studio Version 16
VisualStudioVersion = 16.0.30503.244
MinimumVisualStudioVersion = 10.0.40219.1
Project("{FAE04EC0-301F-11D3-BF4B-00C04F79EFBC}") = "Calculatorimproved", "..\..\..\Sage\calculator\Calculatorimproved\Calculatorimproved\Calculatorimproved.csproj", "{1E32061E-4896-4F27-B40B-1928CB2CDC0B}"
EndProject
Global
	GlobalSection(SolutionConfigurationPlatforms) = preSolution
		Debug|Any CPU = Debug|Any CPU
		Release|Any CPU = Release|Any CPU
	EndGlobalSection
	GlobalSection(ProjectConfigurationPlatforms) = postSolution
		{1E32061E-4896-4F27-B40B-1928CB2CDC0B}.Debug|Any CPU.ActiveCfg = Debug|Any CPU
		{1E32061E-4896-4F27-B40B-1928CB2CDC0B}.Debug|Any CPU.Build.0 = Debug|Any CPU
		{1E32061E-4896-4F27-B40B-1928CB2CDC0B}.Release|Any CPU.ActiveCfg = Release|Any CPU
		{1E32061E-4896-4F27-B40B-1928CB2CDC0B}.Release|Any CPU.Build.0 = Release|Any CPU
	EndGlobalSection
	GlobalSection(SolutionProperties) = preSolution
		HideSolutionNode = FALSE
	EndGlobalSection
	GlobalSection(ExtensibilityGlobals) = postSolution
		SolutionGuid = {64A643B9-9FBE-4689-80F0-C04794ABE38C}
	EndGlobalSection
EndGlobal
